{
  "version": 2,
  "dependencies": {
    "net10.0": {
      "Fluxor.Blazor.Web": {
        "type": "Direct",
        "requested": "[6.9.0, )",
        "resolved": "6.9.0",
        "contentHash": "CuqwSi4k/TzVhG8azvEMdWfuwMfMVij8r1966SvXWIdkzAwzyaN7rUSwj4pz+jqcBv+ptTAqJSnxIblx2CKZEw==",
        "dependencies": {
          "Fluxor": "6.9.0"
        }
      },
      "Fluxor.Blazor.Web.ReduxDevTools": {
        "type": "Direct",
        "requested": "[6.9.0, )",
        "resolved": "6.9.0",
        "contentHash": "Y+MggUoTig/RVmJnXpdvBV5wsRqjtmn5Bpdqfxpi3UqmMc7QhBzUkBqxSoaYxZQCyL1sRHZsdNaoGeZGeY1Xqg==",
        "dependencies": {
          "Fluxor.Blazor.Web": "6.9.0"
        }
      },
      "JetBrains.Annotations": {
        "type": "Direct",
        "requested": "[2025.2.4, )",
        "resolved": "2025.2.4",
        "contentHash": "TwbgxAkXxY+vNEhNVx/QXjJ4vqxmepOjsgRvvImQPbHkHMMb4W+ahL3laMsxXKtNT7iMy+E1B3xkqao2hf1n3A=="
      },
      "Meziantou.Analyzer": {
        "type": "Direct",
        "requested": "[2.0.263, )",
        "resolved": "2.0.263",
        "contentHash": "Pbx5I+Djo0vWp0ykEZLVuHVaNVmyEzoOe50IpSqN0P+BRFx0lULhiHMaEWym5MOwoRluv/mTWi4e+BPBraLdIA=="
      },
      "Microsoft.AspNetCore.App.Internal.Assets": {
        "type": "Direct",
        "requested": "[10.0.0, )",
        "resolved": "10.0.0",
        "contentHash": "0gZrESKwnlmbE8Br8XIy3kk7Pj0++9T2Ly+A8BFYYgo5EgfqWEln26cho+l92KOaHUzclhvz314RiwE910s24g=="
      },
      "Microsoft.AspNetCore.DataProtection.StackExchangeRedis": {
        "type": "Direct",
        "requested": "[10.0.1, )",
        "resolved": "10.0.1",
        "contentHash": "HIHcxP1jmcSdV2HrVWvruOG4KSDNvJzVe8ex9CpmdQA2sAjawWynWa9IORR0hRl8JmT/Dylbgae3+pTjw3SbAg==",
        "dependencies": {
          "StackExchange.Redis": "2.7.27"
        }
      },
      "Microsoft.Extensions.Caching.StackExchangeRedis": {
        "type": "Direct",
        "requested": "[10.0.1, )",
        "resolved": "10.0.1",
        "contentHash": "M7+349/EtaszydCxz/vtj4fUgbwE6NfDAfh98+oeWHPdBthgWKDCdnFV92p9UtyFN8Ln0e0w1ZzJvvbNzpMtaQ==",
        "dependencies": {
          "StackExchange.Redis": "2.7.27"
        }
      },
      "NeoSmart.Caching.Sqlite.AspNetCore": {
        "type": "Direct",
        "requested": "[9.0.1, )",
        "resolved": "9.0.1",
        "contentHash": "oPpf3LmIU59vHfKu6EOGA1A4Kz8xlZcEKPkpn2i0pewmt0K+uomgXq8vIXtorvxz6e+XnwN65+cm3MqQhSeE/A==",
        "dependencies": {
          "NeoSmart.Caching.Sqlite": "9.0.1",
          "SQLitePCLRaw.bundle_green": "2.1.10"
        }
      },
      "NetEscapades.AspNetCore.SecurityHeaders": {
        "type": "Direct",
        "requested": "[1.3.0, )",
        "resolved": "1.3.0",
        "contentHash": "URbp+l1g4GebDI/4p8ZmBRYT3yTConmu7a+TfsEW+SRJpxMFI03eD+58MT5vAZ4rgqK7+HSWkMD3YpBxz9ZhjA=="
      },
      "Radzen.Blazor": {
        "type": "Direct",
        "requested": "[8.4.1, )",
        "resolved": "8.4.1",
        "contentHash": "/IWO92g9YKUyNxGEM8CJIxbBfQfLAnT35OsQVimA8urN1w1CavoksHcXVhxFnT9OmKflcaZSHIwHjefyDFnxEg=="
      },
      "Serilog": {
        "type": "Direct",
        "requested": "[4.3.0, )",
        "resolved": "4.3.0",
        "contentHash": "+cDryFR0GRhsGOnZSKwaDzRRl4MupvJ42FhCE4zhQRVanX0Jpg6WuCBk59OVhVDPmab1bB+nRykAnykYELA9qQ=="
      },
      "Serilog.AspNetCore": {
        "type": "Direct",
        "requested": "[10.0.0, )",
        "resolved": "10.0.0",
        "contentHash": "a/cNa1mY4On1oJlfGG1wAvxjp5g7OEzk/Jf/nm7NF9cWoE7KlZw1GldrifUBWm9oKibHkR7Lg/l5jy3y7ACR8w==",
        "dependencies": {
          "Serilog": "4.3.0",
          "Serilog.Extensions.Hosting": "10.0.0",
          "Serilog.Formatting.Compact": "3.0.0",
          "Serilog.Settings.Configuration": "10.0.0",
          "Serilog.Sinks.Console": "6.1.1",
          "Serilog.Sinks.Debug": "3.0.0",
          "Serilog.Sinks.File": "7.0.0"
        }
      },
      "Serilog.Enrichers.CorrelationId": {
        "type": "Direct",
        "requested": "[3.0.1, )",
        "resolved": "3.0.1",
        "contentHash": "2B4FdpC0YdvJzaJThdlwEtEOMG8PIZNwkReHAIyL0HzlVMP2Rpjl4+3iAhX91xh2XvW9GUxZgH2lGpxiFtFQDQ==",
        "dependencies": {
          "Serilog": "2.9.0"
        }
      },
      "Serilog.Enrichers.Environment": {
        "type": "Direct",
        "requested": "[3.0.1, )",
        "resolved": "3.0.1",
        "contentHash": "9BqCE4C9FF+/rJb/CsQwe7oVf44xqkOvMwX//CUxvUR25lFL4tSS6iuxE5eW07quby1BAyAEP+vM6TWsnT3iqw==",
        "dependencies": {
          "Serilog": "4.0.0"
        }
      },
      "Serilog.Enrichers.Process": {
        "type": "Direct",
        "requested": "[3.0.0, )",
        "resolved": "3.0.0",
        "contentHash": "/wPYz2PDCJGSHNI+Z0PAacZvrgZgrGduWqLXeC2wvW6pgGM/Bi45JrKy887MRcRPHIZVU0LAlkmJ7TkByC0boQ==",
        "dependencies": {
          "Serilog": "4.0.0"
        }
      },
      "Serilog.Enrichers.Thread": {
        "type": "Direct",
        "requested": "[4.0.0, )",
        "resolved": "4.0.0",
        "contentHash": "C7BK25a1rhUyr+Tp+1BYcVlBJq7M2VCHlIgnwoIUVJcicM9jYcvQK18+OeHiXw7uLPSjqWxJIp1EfaZ/RGmEwA==",
        "dependencies": {
          "Serilog": "4.0.0"
        }
      },
      "Serilog.Sinks.OpenTelemetry": {
        "type": "Direct",
        "requested": "[4.2.0, )",
        "resolved": "4.2.0",
        "contentHash": "PzMCyE5G19tjr5IZEi5qg+4UU5QrxBEoBEMu/hhYybTrGKXqUDiSGWKZNUDBgelaVKqLADlsmlJVyKce5SyPrg==",
        "dependencies": {
          "Google.Protobuf": "3.30.1",
          "Grpc.Net.Client": "2.70.0",
          "Serilog": "4.2.0"
        }
      },
      "TimeZoneNames": {
        "type": "Direct",
        "requested": "[7.0.0, )",
        "resolved": "7.0.0",
        "contentHash": "zc1sIJZMDH7pPO1Gqte9yjMEFSILShTRNuxVxnNdiZP4NGGSi3ZGe2OSrW2phjzM/QKe3pKOwUXfQmJMjDBOKQ==",
        "dependencies": {
          "TimeZoneConverter": "7.0.0"
        }
      },
      "UnitsNet": {
        "type": "Direct",
        "requested": "[5.75.0, )",
        "resolved": "5.75.0",
        "contentHash": "CgzvfvE2FaFE+swo7SzZFjhosmh4GpiVJ7Y1N4cQ1qChaUaw3ymw4al+ZxpoBh1RFoo88d+fo2SG194P9G1X+A=="
      },
      "ZiggyCreatures.FusionCache": {
        "type": "Direct",
        "requested": "[2.4.0, )",
        "resolved": "2.4.0",
        "contentHash": "5lkrQ5yVCcXeobP4SbO5wu1Beo2w3aN5PPIwb4yRQ1/pIe21q33ElkTa0gRJrgqo2smH2eZkGE+S4ReX3uesMQ=="
      },
      "ZiggyCreatures.FusionCache.Backplane.StackExchangeRedis": {
        "type": "Direct",
        "requested": "[2.4.0, )",
        "resolved": "2.4.0",
        "contentHash": "xoMDQppbljMVOgwU0xEzBKEaJw7ldUjElmK1fdJPifCo7EwB+BBOx7QoDLDYkMQ7amkZtTnTyzfqffTquF4TLw==",
        "dependencies": {
          "StackExchange.Redis": "2.8.31",
          "ZiggyCreatures.FusionCache": "2.4.0"
        }
      },
      "ZiggyCreatures.FusionCache.Serialization.NeueccMessagePack": {
        "type": "Direct",
        "requested": "[2.4.0, )",
        "resolved": "2.4.0",
        "contentHash": "0n5+FdrIu3AODUdrK9ybvm1e1pRdhhMRincVji8jloef4/MP6Ovkjcpx5co6c4sLGVwZic7sJTkJURBh79+s+A==",
        "dependencies": {
          "MessagePack": "3.1.3",
          "ZiggyCreatures.FusionCache": "2.4.0"
        }
      },
      "Fluxor": {
        "type": "Transitive",
        "resolved": "6.9.0",
        "contentHash": "yLULcGjsqVaPBujGKyMVdm1+VXOR5mtV+nxpZ1jZATSbNfUebLIJJAXQL3TGFqx9I9SALqD/ADOUFWTBCkQRyg=="
      },
      "Google.Protobuf": {
        "type": "Transitive",
        "resolved": "3.30.1",
        "contentHash": "HeWXDQBabQn/sCGicbeLJ0HMunknfC4FdLrOQOsaMJHcpqx3HVIpyyJqTrqJlWnza870twhOb+rBcaTiC/TlNA=="
      },
      "Grpc.Core.Api": {
        "type": "Transitive",
        "resolved": "2.70.0",
        "contentHash": "66UotvWcSIq41oiQhLWcQACyKPM4umxXNiht5DQTLZJfNwEswWOcS7Z0xIEHyNIBE7ZpjotH22bEjTkvhPxmVw=="
      },
      "Grpc.Net.Client": {
        "type": "Transitive",
        "resolved": "2.70.0",
        "contentHash": "xNv0FFCVJa5S1beUtye82WFCxKThuE1jbN8DO1x1Rj8VSIWXLBUmfSID5a1fGzsU2R/EMfwPoWclJ2RMfQuGXw==",
        "dependencies": {
          "Grpc.Net.Common": "2.70.0"
        }
      },
      "Grpc.Net.Common": {
        "type": "Transitive",
        "resolved": "2.70.0",
        "contentHash": "rBdEUMyCwa+iB8mqC6JKyPbj3SBHHkReJj/yy/XKJI63GcG6w9DJMMGTVcYHqq4Ci2W4m0HT4jt2pFfFscar8g==",
        "dependencies": {
          "Grpc.Core.Api": "2.70.0"
        }
      },
      "J2N": {
        "type": "Transitive",
        "resolved": "2.1.0",
        "contentHash": "Vooz1wbnnqWuS+u93tADXK5Owxo8vLJhSrZ9Ac+KpgDF3GJq9TybXXTF1TFcWILgEtRThc8AOBENEzB0TQH1JA=="
      },
      "Lucene.Net.Queries": {
        "type": "Transitive",
        "resolved": "4.8.0-beta00017",
        "contentHash": "RVpZCfa/7pgvytFw64zLqinvZPQt4TojvcFghdAA5vhnpSs5GTbtciPIxFH3wwH3f2dYJywiqYKo1h3JBCXRBA==",
        "dependencies": {
          "Lucene.Net": "4.8.0-beta00017"
        }
      },
      "Lucene.Net.Sandbox": {
        "type": "Transitive",
        "resolved": "4.8.0-beta00017",
        "contentHash": "wRAzQZ4Z1yEuAaTwO+RrZB6l3Lz+vNGAiDshf0IjAr8qeVvQj74iodEcff4Bes88bnhqsWLUZlDUg/ygraxX2Q==",
        "dependencies": {
          "Lucene.Net": "4.8.0-beta00017"
        }
      },
      "MessagePack.Annotations": {
        "type": "Transitive",
        "resolved": "3.1.4",
        "contentHash": "aVWrDAkCdqxwQsz/q0ldPh2EFn48M99YUzE9OvZjMq2RNLKz4o2z88iGFvSvbMqOWRweRvKPHBJZe22PRqzslQ=="
      },
      "MessagePackAnalyzer": {
        "type": "Transitive",
        "resolved": "3.1.4",
        "contentHash": "CTaSsN/liJ7MhLCAB7Z4ZLBNuVGCq9lt2BT/cbrc9vzGv89yK3CqIA+z9T19a11eQYl9etZHL6MQJgCqECRVpg=="
      },
      "Microsoft.Data.Sqlite.Core": {
        "type": "Transitive",
        "resolved": "9.0.2",
        "contentHash": "lJbaLhjWnnPfLhZrQXPri5F0pmlJXg68yCSf5aRM3qFF8WD7dT1jnQUuBd3YvT5s1VDOH9t/6filPcTIOwZR7Q==",
        "dependencies": {
          "SQLitePCLRaw.core": "2.1.10"
        }
      },
      "Microsoft.Extensions.AmbientMetadata.Application": {
        "type": "Transitive",
        "resolved": "10.1.0",
        "contentHash": "+T2Ax2fgw7T7nlhio+ZtgSyYGfevHCOXNPqO0vxA+f2HmbtfwAnIwHEE/jm1/4uFRDDP8PEENpxAhbucg+wUWg=="
      },
      "Microsoft.Extensions.Compliance.Abstractions": {
        "type": "Transitive",
        "resolved": "10.1.0",
        "contentHash": "M3JWrgZMkVzyEybZzNkTiC/e8U1ipXTi8xm8bj+PHHp4AcEmhmIEqnxRS0VHVCKZjLkOPt2hY2CIisUFQ6gqLA=="
      },
      "Microsoft.Extensions.DependencyInjection.AutoActivation": {
        "type": "Transitive",
        "resolved": "10.1.0",
        "contentHash": "O052pqWkdVNXaj3n9E4x6nLL7sG860434gLh7XHhFp/KpyAY9/rCk9NJUinYfQnDkAA8UgCHimVZz+lTjnEwzQ=="
      },
      "Microsoft.Extensions.DependencyModel": {
        "type": "Transitive",
        "resolved": "10.0.0",
        "contentHash": "RFYJR7APio/BiqdQunRq6DB+nDB6nc2qhHr77mlvZ0q0BT8PubMXN7XicmfzCbrDE/dzhBnUKBRXLTcqUiZDGg=="
      },
      "Microsoft.Extensions.Diagnostics.ExceptionSummarization": {
        "type": "Transitive",
        "resolved": "10.1.0",
        "contentHash": "Q76peCoP6vXXf95RLFeMGzcaQs8l3lk+n/ZOTi2i+OLd3R0HzzB0Fswjua4NY1viIbA1s6l1mqRjQbxY7+Jylw=="
      },
      "Microsoft.Extensions.Http.Diagnostics": {
        "type": "Transitive",
        "resolved": "10.1.0",
        "contentHash": "RA1Egggf5o7/5AI5TIxOmmV7T06X2jvA9nSlJazU++X/pgu48EDAjDflTq/+kAk0FHUm9ZpAiBVdWfOP2opAbQ==",
        "dependencies": {
          "Microsoft.Extensions.Telemetry": "10.1.0"
        }
      },
      "Microsoft.Extensions.Resilience": {
        "type": "Transitive",
        "resolved": "10.1.0",
        "contentHash": "NzA+c4m2q92qZPjiZLFm+ToeQC3KFqzP+Dr/1pV5y9d7H/hDM2Yxno0kcw5DGpSvS0s6Pwsp+FWMdk/kXBPZ7g==",
        "dependencies": {
          "Microsoft.Extensions.Diagnostics.ExceptionSummarization": "10.1.0",
          "Microsoft.Extensions.Telemetry.Abstractions": "10.1.0",
          "Polly.Extensions": "8.4.2",
          "Polly.RateLimiting": "8.4.2"
        }
      },
      "Microsoft.Extensions.Telemetry": {
        "type": "Transitive",
        "resolved": "10.1.0",
        "contentHash": "OFnpwOBRZZXMMySvM7eJsEQ87ED5SaRbxHg/an1u89MWHw0mXUUbx5WPb5XFN0uS8kJPe6M+ZMRYwRP0nJeDPA==",
        "dependencies": {
          "Microsoft.Extensions.AmbientMetadata.Application": "10.1.0",
          "Microsoft.Extensions.DependencyInjection.AutoActivation": "10.1.0",
          "Microsoft.Extensions.Telemetry.Abstractions": "10.1.0"
        }
      },
      "Microsoft.Extensions.Telemetry.Abstractions": {
        "type": "Transitive",
        "resolved": "10.1.0",
        "contentHash": "0jAF2b0YJ1LOtunmo3PzSoJOx/ThhcGH5Y5kaV0jeM0BUlyr9orjg+fH5YabqnPSmwcN/DSTj0iZ7UwDISn5ag==",
        "dependencies": {
          "Microsoft.Extensions.Compliance.Abstractions": "10.1.0"
        }
      },
      "Microsoft.NET.StringTools": {
        "type": "Transitive",
        "resolved": "17.11.4",
        "contentHash": "mudqUHhNpeqIdJoUx2YDWZO/I9uEDYVowan89R6wsomfnUJQk6HteoQTlNjZDixhT2B4IXMkMtgZtoceIjLRmA=="
      },
      "NeoSmart.Caching.Sqlite": {
        "type": "Transitive",
        "resolved": "9.0.1",
        "contentHash": "+rJJ4eCv6FO0Mgl0nLVy8CzjvaJs6CpgGNXQ6q28Y+/olOsTR/uO5CO1unWTiRGEn/Jy97NRa7PQaXa80iNfEg==",
        "dependencies": {
          "Microsoft.Data.Sqlite.Core": "9.0.2",
          "SQLitePCLRaw.core": "2.1.10"
        }
      },
      "Pipelines.Sockets.Unofficial": {
        "type": "Transitive",
        "resolved": "2.2.8",
        "contentHash": "zG2FApP5zxSx6OcdJQLbZDk2AVlN2BNQD6MorwIfV6gVj0RRxWPEp2LXAxqDGZqeNV1Zp0BNPcNaey/GXmTdvQ=="
      },
      "Polly.Core": {
        "type": "Transitive",
        "resolved": "8.4.2",
        "contentHash": "BpE2I6HBYYA5tF0Vn4eoQOGYTYIK1BlF5EXVgkWGn3mqUUjbXAr13J6fZVbp7Q3epRR8yshacBMlsHMhpOiV3g=="
      },
      "Polly.Extensions": {
        "type": "Transitive",
        "resolved": "8.4.2",
        "contentHash": "GZ9vRVmR0jV2JtZavt+pGUsQ1O1cuRKG7R7VOZI6ZDy9y6RNPvRvXK1tuS4ffUrv8L0FTea59oEuQzgS0R7zSA==",
        "dependencies": {
          "Polly.Core": "8.4.2"
        }
      },
      "Polly.RateLimiting": {
        "type": "Transitive",
        "resolved": "8.4.2",
        "contentHash": "ehTImQ/eUyO07VYW2WvwSmU9rRH200SKJ/3jku9rOkyWE0A2JxNFmAVms8dSn49QLSjmjFRRSgfNyOgr/2PSmA==",
        "dependencies": {
          "Polly.Core": "8.4.2"
        }
      },
      "Serilog.Extensions.Hosting": {
        "type": "Transitive",
        "resolved": "10.0.0",
        "contentHash": "E7juuIc+gzoGxgzFooFgAV8g9BfiSXNKsUok9NmEpyAXg2odkcPsMa/Yo4axkJRlh0se7mkYQ1GXDaBemR+b6w==",
        "dependencies": {
          "Serilog": "4.3.0",
          "Serilog.Extensions.Logging": "10.0.0"
        }
      },
      "Serilog.Extensions.Logging": {
        "type": "Transitive",
        "resolved": "10.0.0",
        "contentHash": "vx0kABKl2dWbBhhqAfTOk53/i8aV/5VaT3a6il9gn72Wqs2pM7EK2OB6No6xdqK2IaY6Zf9gdjLuK9BVa2rT+Q==",
        "dependencies": {
          "Serilog": "4.2.0"
        }
      },
      "Serilog.Formatting.Compact": {
        "type": "Transitive",
        "resolved": "3.0.0",
        "contentHash": "wQsv14w9cqlfB5FX2MZpNsTawckN4a8dryuNGbebB/3Nh1pXnROHZov3swtu3Nj5oNG7Ba+xdu7Et/ulAUPanQ==",
        "dependencies": {
          "Serilog": "4.0.0"
        }
      },
      "Serilog.Settings.Configuration": {
        "type": "Transitive",
        "resolved": "10.0.0",
        "contentHash": "LNq+ibS1sbhTqPV1FIE69/9AJJbfaOhnaqkzcjFy95o+4U+STsta9mi97f1smgXsWYKICDeGUf8xUGzd/52/uA==",
        "dependencies": {
          "Microsoft.Extensions.DependencyModel": "10.0.0",
          "Serilog": "4.3.0"
        }
      },
      "Serilog.Sinks.Console": {
        "type": "Transitive",
        "resolved": "6.1.1",
        "contentHash": "8jbqgjUyZlfCuSTaJk6lOca465OndqOz3KZP6Cryt/IqZYybyBu7GP0fE/AXBzrrQB3EBmQntBFAvMVz1COvAA==",
        "dependencies": {
          "Serilog": "4.0.0"
        }
      },
      "Serilog.Sinks.Debug": {
        "type": "Transitive",
        "resolved": "3.0.0",
        "contentHash": "4BzXcdrgRX7wde9PmHuYd9U6YqycCC28hhpKonK7hx0wb19eiuRj16fPcPSVp0o/Y1ipJuNLYQ00R3q2Zs8FDA==",
        "dependencies": {
          "Serilog": "4.0.0"
        }
      },
      "Serilog.Sinks.File": {
        "type": "Transitive",
        "resolved": "7.0.0",
        "contentHash": "fKL7mXv7qaiNBUC71ssvn/dU0k9t0o45+qm2XgKAlSt19xF+ijjxyA3R6HmCgfKEKwfcfkwWjayuQtRueZFkYw==",
        "dependencies": {
          "Serilog": "4.2.0"
        }
      },
      "SQLitePCLRaw.bundle_green": {
        "type": "Transitive",
        "resolved": "2.1.10",
        "contentHash": "u5p4k3su1ZvH1S3Wf3s17zxiPRSsJiG98sIwZv9dD3rzux/i1fccGLgXfltxA2+SUs802DZsJLb5Qpct5UE8nw==",
        "dependencies": {
          "SQLitePCLRaw.lib.e_sqlite3": "2.1.10",
          "SQLitePCLRaw.provider.e_sqlite3": "2.1.10"
        }
      },
      "SQLitePCLRaw.core": {
        "type": "Transitive",
        "resolved": "2.1.10",
        "contentHash": "Ii8JCbC7oiVclaE/mbDEK000EFIJ+ShRPwAvvV89GOZhQ+ZLtlnSWl6ksCNMKu/VGXA4Nfi2B7LhN/QFN9oBcw=="
      },
      "SQLitePCLRaw.lib.e_sqlite3": {
        "type": "Transitive",
        "resolved": "2.1.10",
        "contentHash": "mAr69tDbnf3QJpRy2nJz8Qdpebdil00fvycyByR58Cn9eARvR+UiG2Vzsp+4q1tV3ikwiYIjlXCQFc12GfebbA=="
      },
      "SQLitePCLRaw.provider.e_sqlite3": {
        "type": "Transitive",
        "resolved": "2.1.10",
        "contentHash": "uZVTi02C1SxqzgT0HqTWatIbWGb40iIkfc3FpFCpE/r7g6K0PqzDUeefL6P6HPhDtc6BacN3yQysfzP7ks+wSQ==",
        "dependencies": {
          "SQLitePCLRaw.core": "2.1.10"
        }
      },
      "StackExchange.Redis": {
        "type": "Transitive",
        "resolved": "2.8.31",
        "contentHash": "RCHVQa9Zke8k0oBgJn1Yl6BuYy8i6kv+sdMObiH60nOwD6QvWAjxdDwOm+LO78E8WsGiPqgOuItkz98fPS6haQ==",
        "dependencies": {
          "Pipelines.Sockets.Unofficial": "2.2.8"
        }
      },
      "TimeZoneConverter": {
        "type": "Transitive",
        "resolved": "7.0.0",
        "contentHash": "sFbY65N/5GdsHx7nkdHFHUG+5Ar4W0w6Aks7Y2X+Q4NOTw6XyX2Il7jm+4tPkc//4mA3nG0RdxI8gKgoJitdLw=="
      },
      "weatherdashboard.application": {
        "type": "Project",
        "dependencies": {
          "MessagePack": "[3.1.4, )",
          "Riok.Mapperly": "[4.3.0, )",
          "WeatherDashboard.Domain": "[1.0.0, )"
        }
      },
      "weatherdashboard.domain": {
        "type": "Project"
      },
      "weatherdashboard.infrastructure": {
        "type": "Project",
        "dependencies": {
          "JetBrains.Annotations": "[2025.2.4, )",
          "Lucene.Net": "[4.8.0-beta00017, )",
          "Lucene.Net.Analysis.Common": "[4.8.0-beta00017, )",
          "Lucene.Net.QueryParser": "[4.8.0-beta00017, )",
          "Microsoft.Extensions.Http.Resilience": "[10.1.0, )",
          "WeatherDashboard.Application": "[1.0.0, )"
        }
      },
      "Lucene.Net": {
        "type": "CentralTransitive",
        "requested": "[4.8.0-beta00017, )",
        "resolved": "4.8.0-beta00017",
        "contentHash": "7LLWS9nNwx01AyE/KXMh+qdAlzDkRANE8407AO/wEmLL1InzVKFwfsRdRmwg4ILOMFui4xZ1Y54eqvzo3Tf9Vw==",
        "dependencies": {
          "J2N": "[2.1.0, 3.0.0)"
        }
      },
      "Lucene.Net.Analysis.Common": {
        "type": "CentralTransitive",
        "requested": "[4.8.0-beta00017, )",
        "resolved": "4.8.0-beta00017",
        "contentHash": "rPpmww/HgwEwhvfvZgdWITxFsWRoCEpP3+WQBFgbGxTn4eLDr3U/oFoe8KS+8jUNAl2+5atErDrW5JOcFG+gcQ==",
        "dependencies": {
          "Lucene.Net": "4.8.0-beta00017"
        }
      },
      "Lucene.Net.QueryParser": {
        "type": "CentralTransitive",
        "requested": "[4.8.0-beta00017, )",
        "resolved": "4.8.0-beta00017",
        "contentHash": "ZrF7EL06qB+2S2K4T3PliIa5EiJ5Ii7c/zFRMhsNozymz+HRHMVoI/nMYSdN6WF7X1Ef1DTeajMwvsbGTfl28Q==",
        "dependencies": {
          "Lucene.Net.Analysis.Common": "4.8.0-beta00017",
          "Lucene.Net.Queries": "4.8.0-beta00017",
          "Lucene.Net.Sandbox": "4.8.0-beta00017"
        }
      },
      "MessagePack": {
        "type": "CentralTransitive",
        "requested": "[3.1.4, )",
        "resolved": "3.1.4",
        "contentHash": "BH0wlHWmVoZpbAPyyt2Awbq30C+ZsS3eHSkYdnyUAbqVJ22fAJDzn2xTieBeoT5QlcBzp61vHcv878YJGfi3mg==",
        "dependencies": {
          "MessagePack.Annotations": "3.1.4",
          "MessagePackAnalyzer": "3.1.4",
          "Microsoft.NET.StringTools": "17.11.4"
        }
      },
      "Microsoft.Extensions.Http.Resilience": {
        "type": "CentralTransitive",
        "requested": "[10.1.0, )",
        "resolved": "10.1.0",
        "contentHash": "rwDoQBB93yQjd1XtcZBnOLRX23LW7Z49TIAp1sn7i2r/pW3y4iB8E+EEL0ZyOPuEZxT9xEVN9y39KWlG1FDPkQ==",
        "dependencies": {
          "Microsoft.Extensions.Http.Diagnostics": "10.1.0",
          "Microsoft.Extensions.Resilience": "10.1.0"
        }
      },
      "Riok.Mapperly": {
        "type": "CentralTransitive",
        "requested": "[4.3.0, )",
        "resolved": "4.3.0",
        "contentHash": "9M60fNhHAx4Gzm3ebavQn60UT8uuFBM9kSfhepEWlEMoPhd/4mAdJAtBZmi+6RZJWTHil/VC/DrzihhPq39xhg=="
      }
    }
  }
}